// !$*UTF8*$!
{
	archiveVersion = 1;
	classes = {
	};
	objectVersion = 46;
	objects = {

/* Begin PBXBuildFile section */
		27BF9B5C1D77870D00246341 /* AppDelegate.swift in Sources */ = {isa = PBXBuildFile; fileRef = 27BF9B5B1D77870D00246341 /* AppDelegate.swift */; };
		27BF9B5E1D77870D00246341 /* ViewController.swift in Sources */ = {isa = PBXBuildFile; fileRef = 27BF9B5D1D77870D00246341 /* ViewController.swift */; };
		27BF9B611D77870D00246341 /* Main.storyboard in Resources */ = {isa = PBXBuildFile; fileRef = 27BF9B5F1D77870D00246341 /* Main.storyboard */; };
		27BF9B641D77870D00246341 /* Core_Data_Practice.xcdatamodeld in Sources */ = {isa = PBXBuildFile; fileRef = 27BF9B621D77870D00246341 /* Core_Data_Practice.xcdatamodeld */; };
		27BF9B661D77870D00246341 /* Assets.xcassets in Resources */ = {isa = PBXBuildFile; fileRef = 27BF9B651D77870D00246341 /* Assets.xcassets */; };
		27BF9B691D77870D00246341 /* LaunchScreen.storyboard in Resources */ = {isa = PBXBuildFile; fileRef = 27BF9B671D77870D00246341 /* LaunchScreen.storyboard */; };
/* End PBXBuildFile section */

/* Begin PBXFileReference section */
		27BF9B581D77870D00246341 /* Core-Data-Practice.app */ = {isa = PBXFileReference; explicitFileType = wrapper.application; includeInIndex = 0; path = "Core-Data-Practice.app"; sourceTree = BUILT_PRODUCTS_DIR; };
		27BF9B5B1D77870D00246341 /* AppDelegate.swift */ = {isa = PBXFileReference; lastKnownFileType = sourcecode.swift; path = AppDelegate.swift; sourceTree = "<group>"; };
		27BF9B5D1D77870D00246341 /* ViewController.swift */ = {isa = PBXFileReference; lastKnownFileType = sourcecode.swift; path = ViewController.swift; sourceTree = "<group>"; };
		27BF9B601D77870D00246341 /* Base */ = {isa = PBXFileReference; lastKnownFileType = file.storyboard; name = Base; path = Base.lproj/Main.storyboard; sourceTree = "<group>"; };
		27BF9B631D77870D00246341 /* Core_Data_Practice.xcdatamodel */ = {isa = PBXFileReference; lastKnownFileType = wrapper.xcdatamodel; path = Core_Data_Practice.xcdatamodel; sourceTree = "<group>"; };
		27BF9B651D77870D00246341 /* Assets.xcassets */ = {isa = PBXFileReference; lastKnownFileType = folder.assetcatalog; path = Assets.xcassets; sourceTree = "<group>"; };
		27BF9B681D77870D00246341 /* Base */ = {isa = PBXFileReference; lastKnownFileType = file.storyboard; name = Base; path = Base.lproj/LaunchScreen.storyboard; sourceTree = "<group>"; };
		27BF9B6A1D77870D00246341 /* Info.plist */ = {isa = PBXFileReference; lastKnownFileType = text.plist.xml; path = Info.plist; sourceTree = "<group>"; };
/* End PBXFileReference section */

/* Begin PBXFrameworksBuildPhase section */
		27BF9B551D77870D00246341 /* Frameworks */ = {
			isa = PBXFrameworksBuildPhase;
			buildActionMask = 2147483647;
			files = (
			);
			runOnlyForDeploymentPostprocessing = 0;
		};
/* End PBXFrameworksBuildPhase section */

/* Begin PBXGroup section */
		27BF9B4F1D77870D00246341 = {
			isa = PBXGroup;
			children = (
				27BF9B5A1D77870D00246341 /* Core-Data-Practice */,
				27BF9B591D77870D00246341 /* Products */,
			);
			sourceTree = "<group>";
		};
		27BF9B591D77870D00246341 /* Products */ = {
			isa = PBXGroup;
			children = (
				27BF9B581D77870D00246341 /* Core-Data-Practice.app */,
			);
			name = Products;
			sourceTree = "<group>";
		};
		27BF9B5A1D77870D00246341 /* Core-Data-Practice */ = {
			isa = PBXGroup;
			children = (
				27BF9B5B1D77870D00246341 /* AppDelegate.swift */,
				27BF9B5D1D77870D00246341 /* ViewController.swift */,
				27BF9B5F1D77870D00246341 /* Main.storyboard */,
				27BF9B651D77870D00246341 /* Assets.xcassets */,
				27BF9B671D77870D00246341 /* LaunchScreen.storyboard */,
				27BF9B6A1D77870D00246341 /* Info.plist */,
				27BF9B621D77870D00246341 /* Core_Data_Practice.xcdatamodeld */,
			);
			path = "Core-Data-Practice";
			sourceTree = "<group>";
		};
/* End PBXGroup section */

/* Begin PBXNativeTarget section */
		27BF9B571D77870D00246341 /* Core-Data-Practice */ = {
			isa = PBXNativeTarget;
			buildConfigurationList = 27BF9B6D1D77870D00246341 /* Build configuration list for PBXNativeTarget "Core-Data-Practice" */;
			buildPhases = (
				27BF9B541D77870D00246341 /* Sources */,
				27BF9B551D77870D00246341 /* Frameworks */,
				27BF9B561D77870D00246341 /* Resources */,
			);
			buildRules = (
			);
			dependencies = (
			);
			name = "Core-Data-Practice";
			productName = "Core-Data-Practice";
			productReference = 27BF9B581D77870D00246341 /* Core-Data-Practice.app */;
			productType = "com.apple.product-type.application";
		};
/* End PBXNativeTarget section */

/* Begin PBXProject section */
		27BF9B501D77870D00246341 /* Project object */ = {
			isa = PBXProject;
			attributes = {
				LastSwiftUpdateCheck = 0730;
				LastUpgradeCheck = 0730;
				ORGANIZATIONNAME = KevinHou;
				TargetAttributes = {
					27BF9B571D77870D00246341 = {
						CreatedOnToolsVersion = 7.3.1;
					};
				};
			};
			buildConfigurationList = 27BF9B531D77870D00246341 /* Build configuration list for PBXProject "Core-Data-Practice" */;
			compatibilityVersion = "Xcode 3.2";
			developmentRegion = English;
			hasScannedForEncodings = 0;
			knownRegions = (
				en,
				Base,
			);
			mainGroup = 27BF9B4F1D77870D00246341;
			productRefGroup = 27BF9B591D77870D00246341 /* Products */;
			projectDirPath = "";
			projectRoot = "";
			targets = (
				27BF9B571D77870D00246341 /* Core-Data-Practice */,
			);
		};
/* End PBXProject section */

/* Begin PBXResourcesBuildPhase section */
		27BF9B561D77870D00246341 /* Resources */ = {
			isa = PBXResourcesBuildPhase;
			buildActionMask = 2147483647;
			files = (
				27BF9B691D77870D00246341 /* LaunchScreen.storyboard in Resources */,
				27BF9B661D77870D00246341 /* Assets.xcassets in Resources */,
				27BF9B611D77870D00246341 /* Main.storyboard in Resources */,
			);
			runOnlyForDeploymentPostprocessing = 0;
		};
/* End PBXResourcesBuildPhase section */

/* Begin PBXSourcesBuildPhase section */
		27BF9B541D77870D00246341 /* Sources */ = {
			isa = PBXSourcesBuildPhase;
			buildActionMask = 2147483647;
			files = (
				27BF9B641D77870D00246341 /* Core_Data_Practice.xcdatamodeld in Sources */,
				27BF9B5E1D77870D00246341 /* ViewController.swift in Sources */,
				27BF9B5C1D77870D00246341 /* AppDelegate.swift in Sources */,
			);
			runOnlyForDeploymentPostprocessing = 0;
		};
/* End PBXSourcesBuildPhase section */

/* Begin PBXVariantGroup section */
		27BF9B5F1D77870D00246341 /* Main.storyboard */ = {
			isa = PBXVariantGroup;
			children = (
				27BF9B601D77870D00246341 /* Base */,
			);
			name = Main.storyboard;
			sourceTree = "<group>";
		};
		27BF9B671D77870D00246341 /* LaunchScreen.storyboard */ = {
			isa = PBXVariantGroup;
			children = (
				27BF9B681D77870D00246341 /* Base */,
			);
			name = LaunchScreen.storyboard;
			sourceTree = "<group>";
		};
/* End PBXVariantGroup section */

/* Begin XCBuildConfiguration section */
		27BF9B6B1D77870D00246341 /* Debug */ = {
			isa = XCBuildConfiguration;
			buildSettings = {
				ALWAYS_SEARCH_USER_PATHS = NO;
				CLANG_ANALYZER_NONNULL = YES;
				CLANG_CXX_LANGUAGE_STANDARD = "gnu++0x";
				CLANG_CXX_LIBRARY = "libc++";
				CLANG_ENABLE_MODULES = YES;
				CLANG_ENABLE_OBJC_ARC = YES;
				CLANG_WARN_BOOL_CONVERSION = YES;
				CLANG_WARN_CONSTANT_CONVERSION = YES;
				CLANG_WARN_DIRECT_OBJC_ISA_USAGE = YES_ERROR;
				CLANG_WARN_EMPTY_BODY = YES;
				CLANG_WARN_ENUM_CONVERSION = YES;
				CLANG_WARN_INT_CONVERSION = YES;
				CLANG_WARN_OBJC_ROOT_CLASS = YES_ERROR;
				CLANG_WARN_UNREACHABLE_CODE = YES;
				CLANG_WARN__DUPLICATE_METHOD_MATCH = YES;
				"CODE_SIGN_IDENTITY[sdk=iphoneos*]" = "iPhone Developer";
				COPY_PHASE_STRIP = NO;
				DEBUG_INFORMATION_FORMAT = dwarf;
				ENABLE_STRICT_OBJC_MSGSEND = YES;
				ENABLE_TESTABILITY = YES;
				GCC_C_LANGUAGE_STANDARD = gnu99;
				GCC_DYNAMIC_NO_PIC = NO;
				GCC_NO_COMMON_BLOCKS = YES;
				GCC_OPTIMIZATION_LEVEL = 0;
				GCC_PREPROCESSOR_DEFINITIONS = (
					"DEBUG=1",
					"$(inherited)",
				);
				GCC_WARN_64_TO_32_BIT_CONVERSION = YES;
				GCC_WARN_ABOUT_RETURN_TYPE = YES_ERROR;
				GCC_WARN_UNDECLARED_SELECTOR = YES;
				GCC_WARN_UNINITIALIZED_AUTOS = YES_AGGRESSIVE;
				GCC_WARN_UNUSED_FUNCTION = YES;
				GCC_WARN_UNUSED_VARIABLE = YES;
				IPHONEOS_DEPLOYMENT_TARGET = 9.3;
				MTL_ENABLE_DEBUG_INFO = YES;
				ONLY_ACTIVE_ARCH = YES;
				SDKROOT = iphoneos;
				SWIFT_OPTIMIZATION_LEVEL = "-Onone";
			};
			name = Debug;
		};
		27BF9B6C1D77870D00246341 /* Release */ = {
			isa = XCBuildConfiguration;
			buildSettings = {
				ALWAYS_SEARCH_USER_PATHS = NO;
				CLANG_ANALYZER_NONNULL = YES;
				CLANG_CXX_LANGUAGE_STANDARD = "gnu++0x";
				CLANG_CXX_LIBRARY = "libc++";
				CLANG_ENABLE_MODULES = YES;
				CLANG_ENABLE_OBJC_ARC = YES;
				CLANG_WARN_BOOL_CONVERSION = YES;
				CLANG_WARN_CONSTANT_CONVERSION = YES;
				CLANG_WARN_DIRECT_OBJC_ISA_USAGE = YES_ERROR;
				CLANG_WARN_EMPTY_BODY = YES;
				CLANG_WARN_ENUM_CONVERSION = YES;
				CLANG_WARN_INT_CONVERSION = YES;
				CLANG_WARN_OBJC_ROOT_CLASS = YES_ERROR;
				CLANG_WARN_UNREACHABLE_CODE = YES;
				CLANG_WARN__DUPLICATE_METHOD_MATCH = YES;
				"CODE_SIGN_IDENTITY[sdk=iphoneos*]" = "iPhone Developer";
				COPY_PHASE_STRIP = NO;
				DEBUG_INFORMATION_FORMAT = "dwarf-with-dsym";
				ENABLE_NS_ASSERTIONS = NO;
				ENABLE_STRICT_OBJC_MSGSEND = YES;
				GCC_C_LANGUAGE_STANDARD = gnu99;
				GCC_NO_COMMON_BLOCKS = YES;
				GCC_WARN_64_TO_32_BIT_CONVERSION = YES;
				GCC_WARN_ABOUT_RETURN_TYPE = YES_ERROR;
				GCC_WARN_UNDECLARED_SELECTOR = YES;
				GCC_WARN_UNINITIALIZED_AUTOS = YES_AGGRESSIVE;
				GCC_WARN_UNUSED_FUNCTION = YES;
				GCC_WARN_UNUSED_VARIABLE = YES;
				IPHONEOS_DEPLOYMENT_TARGET = 9.3;
				MTL_ENABLE_DEBUG_INFO = NO;
				SDKROOT = iphoneos;
				VALIDATE_PRODUCT = YES;
			};
			name = Release;
		};
		27BF9B6E1D77870D00246341 /* Debug */ = {
			isa = XCBuildConfiguration;
			buildSettings = {
				ASSETCATALOG_COMPILER_APPICON_NAME = AppIcon;
				INFOPLIST_FILE = "Core-Data-Practice/Info.plist";
				LD_RUNPATH_SEARCH_PATHS = "$(inherited) @executable_path/Frameworks";
				PRODUCT_BUNDLE_IDENTIFIER = "KevinHou.Core-Data-Practice";
				PRODUCT_NAME = "$(TARGET_NAME)";
			};
			name = Debug;
		};
		27BF9B6F1D77870D00246341 /* Release */ = {
			isa = XCBuildConfiguration;
			buildSettings = {
				ASSETCATALOG_COMPILER_APPICON_NAME = AppIcon;
				INFOPLIST_FILE = "Core-Data-Practice/Info.plist";
				LD_RUNPATH_SEARCH_PATHS = "$(inherited) @executable_path/Frameworks";
				PRODUCT_BUNDLE_IDENTIFIER = "KevinHou.Core-Data-Practice";
				PRODUCT_NAME = "$(TARGET_NAME)";
			};
			name = Release;
		};
/* End XCBuildConfiguration section */

/* Begin XCConfigurationList section */
		27BF9B531D77870D00246341 /* Build configuration list for PBXProject "Core-Data-Practice" */ = {
			isa = XCConfigurationList;
			buildConfigurations = (
				27BF9B6B1D77870D00246341 /* Debug */,
				27BF9B6C1D77870D00246341 /* Release */,
			);
			defaultConfigurationIsVisible = 0;
			defaultConfigurationName = Release;
		};
		27BF9B6D1D77870D00246341 /* Build configuration list for PBXNativeTarget "Core-Data-Practice" */ = {
			isa = XCConfigurationList;
			buildConfigurations = (
				27BF9B6E1D77870D00246341 /* Debug */,
				27BF9B6F1D77870D00246341 /* Release */,
			);
			defaultConfigurationIsVisible = 0;
		};
/* End XCConfigurationList section */

/* Begin XCVersionGroup section */
		27BF9B621D77870D00246341 /* Core_Data_Practice.xcdatamodeld */ = {
			isa = XCVersionGroup;
			children = (
				27BF9B631D77870D00246341 /* Core_Data_Practice.xcdatamodel */,
			);
			currentVersion = 27BF9B631D77870D00246341 /* Core_Data_Practice.xcdatamodel */;
			path = Core_Data_Practice.xcdatamodeld;
			sourceTree = "<group>";
			versionGroupType = wrapper.xcdatamodel;
		};
/* End XCVersionGroup section */
	};
	rootObject = 27BF9B501D77870D00246341 /* Project object */;
}
